
Microsoft Visual Studio Solution File, Format Version 12.00
# Visual Studio Version 17
VisualStudioVersion = 17.9.34701.34
MinimumVisualStudioVersion = 10.0.40219.1
Project("{FAE04EC0-301F-11D3-BF4B-00C04F79EFBC}") = "CriandoMaisDeUmConstrutor", "CriandoMaisDeUmConstrutor\CriandoMaisDeUmConstrutor.csproj", "{6F560C8C-FE49-4C89-80E8-58AAC77930D2}"
EndProject
Global
	GlobalSection(SolutionConfigurationPlatforms) = preSolution
		Debug|Any CPU = Debug|Any CPU
		Release|Any CPU = Release|Any CPU
	EndGlobalSection
	GlobalSection(ProjectConfigurationPlatforms) = postSolution
		{6F560C8C-FE49-4C89-80E8-58AAC77930D2}.Debug|Any CPU.ActiveCfg = Debug|Any CPU
		{6F560C8C-FE49-4C89-80E8-58AAC77930D2}.Debug|Any CPU.Build.0 = Debug|Any CPU
		{6F560C8C-FE49-4C89-80E8-58AAC77930D2}.Release|Any CPU.ActiveCfg = Release|Any CPU
		{6F560C8C-FE49-4C89-80E8-58AAC77930D2}.Release|Any CPU.Build.0 = Release|Any CPU
	EndGlobalSection
	GlobalSection(SolutionProperties) = preSolution
		HideSolutionNode = FALSE
	EndGlobalSection
	GlobalSection(ExtensibilityGlobals) = postSolution
		SolutionGuid = {ACDC62F2-B852-4107-9A0A-9220E563C7DE}
	EndGlobalSection
EndGlobal
