
Microsoft Visual Studio Solution File, Format Version 12.00
# Visual Studio Version 17
VisualStudioVersion = 17.9.34701.34
MinimumVisualStudioVersion = 10.0.40219.1
Project("{FAE04EC0-301F-11D3-BF4B-00C04F79EFBC}") = "List", "List\List.csproj", "{91B38AC1-517E-4712-8A3B-4174B07A8B17}"
EndProject
Global
	GlobalSection(SolutionConfigurationPlatforms) = preSolution
		Debug|Any CPU = Debug|Any CPU
		Release|Any CPU = Release|Any CPU
	EndGlobalSection
	GlobalSection(ProjectConfigurationPlatforms) = postSolution
		{91B38AC1-517E-4712-8A3B-4174B07A8B17}.Debug|Any CPU.ActiveCfg = Debug|Any CPU
		{91B38AC1-517E-4712-8A3B-4174B07A8B17}.Debug|Any CPU.Build.0 = Debug|Any CPU
		{91B38AC1-517E-4712-8A3B-4174B07A8B17}.Release|Any CPU.ActiveCfg = Release|Any CPU
		{91B38AC1-517E-4712-8A3B-4174B07A8B17}.Release|Any CPU.Build.0 = Release|Any CPU
	EndGlobalSection
	GlobalSection(SolutionProperties) = preSolution
		HideSolutionNode = FALSE
	EndGlobalSection
	GlobalSection(ExtensibilityGlobals) = postSolution
		SolutionGuid = {43136D94-9FC8-4EB0-B2F7-23D34012B7FE}
	EndGlobalSection
EndGlobal
