
Microsoft Visual Studio Solution File, Format Version 12.00
# Visual Studio Version 17
VisualStudioVersion = 17.9.34701.34
MinimumVisualStudioVersion = 10.0.40219.1
Project("{FAE04EC0-301F-11D3-BF4B-00C04F79EFBC}") = "HerançaEObject", "HerançaEObject\HerançaEObject.csproj", "{992EE207-9861-47B4-BE89-D70943185031}"
EndProject
Global
	GlobalSection(SolutionConfigurationPlatforms) = preSolution
		Debug|Any CPU = Debug|Any CPU
		Release|Any CPU = Release|Any CPU
	EndGlobalSection
	GlobalSection(ProjectConfigurationPlatforms) = postSolution
		{992EE207-9861-47B4-BE89-D70943185031}.Debug|Any CPU.ActiveCfg = Debug|Any CPU
		{992EE207-9861-47B4-BE89-D70943185031}.Debug|Any CPU.Build.0 = Debug|Any CPU
		{992EE207-9861-47B4-BE89-D70943185031}.Release|Any CPU.ActiveCfg = Release|Any CPU
		{992EE207-9861-47B4-BE89-D70943185031}.Release|Any CPU.Build.0 = Release|Any CPU
	EndGlobalSection
	GlobalSection(SolutionProperties) = preSolution
		HideSolutionNode = FALSE
	EndGlobalSection
	GlobalSection(ExtensibilityGlobals) = postSolution
		SolutionGuid = {26A24AEB-7E66-4A5A-8100-100136014150}
	EndGlobalSection
EndGlobal
