
Microsoft Visual Studio Solution File, Format Version 12.00
# Visual Studio Version 17
VisualStudioVersion = 17.9.34701.34
MinimumVisualStudioVersion = 10.0.40219.1
Project("{FAE04EC0-301F-11D3-BF4B-00C04F79EFBC}") = "ClasseArray", "ClasseArray\ClasseArray.csproj", "{CEB59DDC-9935-48FF-8F4D-81812DDB531A}"
EndProject
Global
	GlobalSection(SolutionConfigurationPlatforms) = preSolution
		Debug|Any CPU = Debug|Any CPU
		Release|Any CPU = Release|Any CPU
	EndGlobalSection
	GlobalSection(ProjectConfigurationPlatforms) = postSolution
		{CEB59DDC-9935-48FF-8F4D-81812DDB531A}.Debug|Any CPU.ActiveCfg = Debug|Any CPU
		{CEB59DDC-9935-48FF-8F4D-81812DDB531A}.Debug|Any CPU.Build.0 = Debug|Any CPU
		{CEB59DDC-9935-48FF-8F4D-81812DDB531A}.Release|Any CPU.ActiveCfg = Release|Any CPU
		{CEB59DDC-9935-48FF-8F4D-81812DDB531A}.Release|Any CPU.Build.0 = Release|Any CPU
	EndGlobalSection
	GlobalSection(SolutionProperties) = preSolution
		HideSolutionNode = FALSE
	EndGlobalSection
	GlobalSection(ExtensibilityGlobals) = postSolution
		SolutionGuid = {87A82532-6795-440D-B576-0F18CD669C8B}
	EndGlobalSection
EndGlobal
